Microsoft Visual Studio Solution File, Format Version 11.00
# Visual Studio 2008

Project("{4C3C8E26-224F-11B3-6135-D526641373A7}") = "JnR CDm RPG", "Assembly-CSharp.csproj", "{527F61B9-C81E-0D22-654F-A88786F704FE}"
EndProject
Project("{4C3C8E26-224F-11B3-6135-D526641373A7}") = "JnR CDm RPG", "Assembly-CSharp-Editor.csproj", "{52BDAB54-D43E-E434-8A4A-CD39B7A59971}"
EndProject
Project("{4C3C8E26-224F-11B3-6135-D526641373A7}") = "JnR CDm RPG", "Assembly-UnityScript.unityproj", "{F2085B95-DAA2-FAD3-0BBD-D913FB99CB27}"
EndProject
Project("{4C3C8E26-224F-11B3-6135-D526641373A7}") = "JnR CDm RPG", "Assembly-UnityScript-Editor.unityproj", "{AC7B65E7-A64D-BB0A-E9C6-9E378D01D337}"
EndProject
Global
	GlobalSection(SolutionConfigurationPlatforms) = preSolution
		Debug|Any CPU = Debug|Any CPU
		Release|Any CPU = Release|Any CPU
	EndGlobalSection
	GlobalSection(ProjectConfigurationPlatforms) = postSolution
		{527F61B9-C81E-0D22-654F-A88786F704FE}.Debug|Any CPU.ActiveCfg = Debug|Any CPU
		{527F61B9-C81E-0D22-654F-A88786F704FE}.Debug|Any CPU.Build.0 = Debug|Any CPU
		{527F61B9-C81E-0D22-654F-A88786F704FE}.Release|Any CPU.ActiveCfg = Release|Any CPU
		{527F61B9-C81E-0D22-654F-A88786F704FE}.Release|Any CPU.Build.0 = Release|Any CPU
		{52BDAB54-D43E-E434-8A4A-CD39B7A59971}.Debug|Any CPU.ActiveCfg = Debug|Any CPU
		{52BDAB54-D43E-E434-8A4A-CD39B7A59971}.Debug|Any CPU.Build.0 = Debug|Any CPU
		{52BDAB54-D43E-E434-8A4A-CD39B7A59971}.Release|Any CPU.ActiveCfg = Release|Any CPU
		{52BDAB54-D43E-E434-8A4A-CD39B7A59971}.Release|Any CPU.Build.0 = Release|Any CPU
		{F2085B95-DAA2-FAD3-0BBD-D913FB99CB27}.Debug|Any CPU.ActiveCfg = Debug|Any CPU
		{F2085B95-DAA2-FAD3-0BBD-D913FB99CB27}.Debug|Any CPU.Build.0 = Debug|Any CPU
		{F2085B95-DAA2-FAD3-0BBD-D913FB99CB27}.Release|Any CPU.ActiveCfg = Release|Any CPU
		{F2085B95-DAA2-FAD3-0BBD-D913FB99CB27}.Release|Any CPU.Build.0 = Release|Any CPU
		{AC7B65E7-A64D-BB0A-E9C6-9E378D01D337}.Debug|Any CPU.ActiveCfg = Debug|Any CPU
		{AC7B65E7-A64D-BB0A-E9C6-9E378D01D337}.Debug|Any CPU.Build.0 = Debug|Any CPU
		{AC7B65E7-A64D-BB0A-E9C6-9E378D01D337}.Release|Any CPU.ActiveCfg = Release|Any CPU
		{AC7B65E7-A64D-BB0A-E9C6-9E378D01D337}.Release|Any CPU.Build.0 = Release|Any CPU
	EndGlobalSection
	GlobalSection(SolutionProperties) = preSolution
		HideSolutionNode = FALSE
	EndGlobalSection
																																																																																																																																																																																																																																GlobalSection(MonoDevelopProperties) = preSolution
																																																																																																																																																																																																																																		GlobalSection(MonoDevelopProperties) = preSolution
																																																																																																																																																																																																																																				GlobalSection(MonoDevelopProperties) = preSolution
																																																																																																																																																																																																																																																	GlobalSection(MonoDevelopProperties) = preSolution
		StartupItem = Assembly-CSharp.csproj
		Policies = $0
		$0.TextStylePolicy = $1
		$1.inheritsSet = null
		$1.scope = text/x-csharp
		$0.CSharpFormattingPolicy = $2
		$2.inheritsSet = Mono
		$2.inheritsScope = text/x-csharp
		$2.scope = text/x-csharp
		$0.TextStylePolicy = $3
		$3.FileWidth = 120
		$3.TabWidth = 4
		$3.EolMarker = Unix
		$3.inheritsSet = Mono
		$3.inheritsScope = text/plain
		$3.scope = text/plain
	EndGlobalSection

EndGlobal
